{
    "name": "test-generate",
    "version": "0.0.0",
    "lockfileVersion": 1,
    "requires": true,
    "dependencies": {
        "@openapitools/openapi-generator-cli": {
            "version": "0.0.7-4.0.0-beta",
            "resolved": "https://registry.npmjs.org/@openapitools/openapi-generator-cli/-/openapi-generator-cli-0.0.7-4.0.0-beta.tgz",
            "integrity": "sha512-r0nluwR+e6GEpPr19AzPLCZMqDM3zSclDKCCFXHywsxNdks4iMflduX2/RP9sxKmRBmEAMzFHOTKFEwV+j5ykQ==",
            "dev": true
        }
    }
}
